
Microsoft Visual Studio Solution File, Format Version 12.00
# Visual Studio Version 16
VisualStudioVersion = 16.0.31105.61
MinimumVisualStudioVersion = 10.0.40219.1
Project("{FAE04EC0-301F-11D3-BF4B-00C04F79EFBC}") = "VisibleHitboxes", "VisibleHitboxes\VisibleHitboxes.csproj", "{4D5E1C8C-6618-493D-BB68-355242B2B04E}"
EndProject
Global
	GlobalSection(SolutionConfigurationPlatforms) = preSolution
		Debug|Any CPU = Debug|Any CPU
		Release|Any CPU = Release|Any CPU
	EndGlobalSection
	GlobalSection(ProjectConfigurationPlatforms) = postSolution
		{4D5E1C8C-6618-493D-BB68-355242B2B04E}.Debug|Any CPU.ActiveCfg = Debug|Any CPU
		{4D5E1C8C-6618-493D-BB68-355242B2B04E}.Debug|Any CPU.Build.0 = Debug|Any CPU
		{4D5E1C8C-6618-493D-BB68-355242B2B04E}.Release|Any CPU.ActiveCfg = Release|Any CPU
		{4D5E1C8C-6618-493D-BB68-355242B2B04E}.Release|Any CPU.Build.0 = Release|Any CPU
	EndGlobalSection
	GlobalSection(SolutionProperties) = preSolution
		HideSolutionNode = FALSE
	EndGlobalSection
	GlobalSection(ExtensibilityGlobals) = postSolution
		SolutionGuid = {E11D918D-5CC4-4033-B15C-D99796F5F5BD}
	EndGlobalSection
EndGlobal
